<?xml version="1.0" encoding="utf-8"?>
<Project ToolsVersion="4.0" xmlns="http://schemas.microsoft.com/developer/msbuild/2003">
  <ItemGroup>
    <FxCompile Include="DeferredPointLightPS.hlsl" />
    <FxCompile Include="DeferredLightVS.hlsl" />
    <FxCompile Include="DownsamplerPS.hlsl" />
    <FxCompile Include="particleDefferedPS.hlsl" />
    <FxCompile Include="DefferedLighting.hlsl" />
    <FxCompile Include="DefferedPixelShader.hlsl" />
    <FxCompile Include="DefferedPixelShader_NormalMap.hlsl" />
    <FxCompile Include="HorizontalBlurPixelShader.hlsl" />
    <FxCompile Include="ParticleDrawArgsCS.hlsl" />
    <FxCompile Include="ParticleEmitCS.hlsl" />
    <FxCompile Include="particleForwardPS.hlsl" />
    <FxCompile Include="ParticleInitCS.hlsl" />
    <FxCompile Include="ParticleSortCS.hlsl" />
    <FxCompile Include="ParticleUpdateCS.hlsl" />
    <FxCompile Include="ParticleVS.hlsl" />
    <FxCompile Include="PixelShader.hlsl" />
    <FxCompile Include="PixelShader_Specular.hlsl" />
    <FxCompile Include="PostProcessPixelShader.hlsl" />
    <FxCompile Include="SkyPS.hlsl" />
    <FxCompile Include="SkyVS.hlsl" />
    <FxCompile Include="Texture2BufferVertexShader.hlsl" />
    <FxCompile Include="UpsamplePS.hlsl" />
    <FxCompile Include="VertexShader.hlsl" />
    <FxCompile Include="VerticalBlurPixelShader.hlsl" />
    <FxCompile Include="VolumetricLightingPixelShader.hlsl" />
  </ItemGroup>
  <ItemGroup>
    <ClCompile Include="Camera.cpp" />
    <ClCompile Include="CameraDebug.cpp" />
    <ClCompile Include="CameraGame.cpp" />
    <ClCompile Include="Collider.cpp" />
    <ClCompile Include="CollisionManager.cpp" />
    <ClCompile Include="DXWindow.cpp" />
    <ClCompile Include="Entity.cpp" />
    <ClCompile Include="EntityEnemy.cpp" />
    <ClCompile Include="EntityFactory.cpp" />
    <ClCompile Include="EntityManagerProjectile.cpp" />
    <ClCompile Include="EntityPlayer.cpp" />
    <ClCompile Include="EntityProjectile.cpp" />
    <ClCompile Include="EntityStatic.cpp" />
    <ClCompile Include="Game.cpp" />
    <ClCompile Include="Main.cpp" />
    <ClCompile Include="Material.cpp" />
    <ClCompile Include="Mesh.cpp" />
    <ClCompile Include="ParticleEmitter.cpp" />
    <ClCompile Include="ParticleRenderer.cpp" />
    <ClCompile Include="Renderer.cpp" />
    <ClCompile Include="Scene.cpp" />
    <ClCompile Include="SceneGame.cpp" />
    <ClCompile Include="SceneMenu.cpp" />
    <ClCompile Include="SimpleShader.cpp" />
    <ClCompile Include="SkyRenderer.cpp" />
    <ClCompile Include="StateManager.cpp" />
    <ClCompile Include="Texture2D.cpp" />
    <ClCompile Include="Transform.cpp" />
    <ClCompile Include="UIGamePanel.cpp" />
  </ItemGroup>
  <ItemGroup>
    <ClInclude Include="Camera.h" />
    <ClInclude Include="CameraDebug.h" />
    <ClInclude Include="CameraGame.h" />
    <ClInclude Include="Collider.h" />
    <ClInclude Include="CollisionManager.h" />
    <ClInclude Include="DXWindow.h" />
    <ClInclude Include="EmitterLayout.h" />
    <ClInclude Include="Entity.h" />
    <ClInclude Include="EntityEnemy.h" />
    <ClInclude Include="EntityFactory.h" />
    <ClInclude Include="EntityManagerProjectile.h" />
    <ClInclude Include="EntityPlayer.h" />
    <ClInclude Include="EntityProjectile.h" />
    <ClInclude Include="EntityStatic.h" />
    <ClInclude Include="Game.h" />
    <ClInclude Include="GameState.h" />
    <ClInclude Include="Header.h" />
    <ClInclude Include="Lights.h" />
    <ClInclude Include="Material.h" />
    <ClInclude Include="Mesh.h" />
    <ClInclude Include="ParticleEmitter.h" />
    <ClInclude Include="ParticleLayout.h" />
    <ClInclude Include="ParticleRenderer.h" />
    <ClInclude Include="Renderer.h" />
    <ClInclude Include="Scene.h" />
    <ClInclude Include="SceneGame.h" />
    <ClInclude Include="SceneMenu.h" />
    <ClInclude Include="ShaderConstants.h" />
    <ClInclude Include="ShaderTypes.h" />
    <ClInclude Include="SimpleShader.h" />
    <ClInclude Include="SkyRenderer.h" />
    <ClInclude Include="StateManager.h" />
    <ClInclude Include="Texture2D.h" />
    <ClInclude Include="Transform.h" />
    <ClInclude Include="UIGamePanel.h" />
    <ClInclude Include="UIPanel.h" />
    <ClInclude Include="Vertex.h" />
  </ItemGroup>
  <ItemGroup>
    <Image Include="Assets\Textures\starscape.dds" />
    <Image Include="Assets\Textures\SunnyCubeMap.dds" />
  </ItemGroup>
  <ItemGroup>
    <None Include="Assets\Shaders\ParticleSortCS.asm" />
    <None Include="packages.config" />
    <None Include="Vertex.hlsli" />
  </ItemGroup>
</Project>